
Microsoft Visual Studio Solution File, Format Version 12.00
# Visual Studio Version 17
VisualStudioVersion = 17.7.34031.279
MinimumVisualStudioVersion = 10.0.40219.1
Project("{FAE04EC0-301F-11D3-BF4B-00C04F79EFBC}") = "Duurzame-Consumentkeuzes", "Duurzame-Consumentkeuzes\Duurzame-Consumentkeuzes.csproj", "{C3E0761A-4E86-4702-AE95-D5E47EABAA24}"
EndProject
Global
	GlobalSection(SolutionConfigurationPlatforms) = preSolution
		Debug|Any CPU = Debug|Any CPU
		Release|Any CPU = Release|Any CPU
	EndGlobalSection
	GlobalSection(ProjectConfigurationPlatforms) = postSolution
		{C3E0761A-4E86-4702-AE95-D5E47EABAA24}.Debug|Any CPU.ActiveCfg = Debug|Any CPU
		{C3E0761A-4E86-4702-AE95-D5E47EABAA24}.Debug|Any CPU.Build.0 = Debug|Any CPU
		{C3E0761A-4E86-4702-AE95-D5E47EABAA24}.Release|Any CPU.ActiveCfg = Release|Any CPU
		{C3E0761A-4E86-4702-AE95-D5E47EABAA24}.Release|Any CPU.Build.0 = Release|Any CPU
	EndGlobalSection
	GlobalSection(SolutionProperties) = preSolution
		HideSolutionNode = FALSE
	EndGlobalSection
	GlobalSection(ExtensibilityGlobals) = postSolution
		SolutionGuid = {C189193E-C6C2-46F2-AA1D-FE1BC53E761F}
	EndGlobalSection
EndGlobal
